
Microsoft Visual Studio Solution File, Format Version 12.00
# Visual Studio Version 16
VisualStudioVersion = 16.0.29201.188
MinimumVisualStudioVersion = 10.0.40219.1
Project("{9A19103F-16F7-4668-BE54-9A1E7A4F7556}") = "AES_SOBS_PS", "AES_SOBS_PS.csproj", "{30320224-B2EC-4C7C-B251-8AE8D425B8AB}"
EndProject
Global
	GlobalSection(SolutionConfigurationPlatforms) = preSolution
		Debug|Any CPU = Debug|Any CPU
		Release|Any CPU = Release|Any CPU
	EndGlobalSection
	GlobalSection(ProjectConfigurationPlatforms) = postSolution
		{30320224-B2EC-4C7C-B251-8AE8D425B8AB}.Debug|Any CPU.ActiveCfg = Debug|Any CPU
		{30320224-B2EC-4C7C-B251-8AE8D425B8AB}.Debug|Any CPU.Build.0 = Debug|Any CPU
		{30320224-B2EC-4C7C-B251-8AE8D425B8AB}.Release|Any CPU.ActiveCfg = Release|Any CPU
		{30320224-B2EC-4C7C-B251-8AE8D425B8AB}.Release|Any CPU.Build.0 = Release|Any CPU
	EndGlobalSection
	GlobalSection(SolutionProperties) = preSolution
		HideSolutionNode = FALSE
	EndGlobalSection
	GlobalSection(ExtensibilityGlobals) = postSolution
		SolutionGuid = {75786276-5453-4F2D-86B0-A03F1D5C2D8C}
	EndGlobalSection
EndGlobal
